# THIS IS AN AUTOGENERATED FILE. DO NOT EDIT THIS FILE DIRECTLY.
# yarn lockfile v1


fraction.js@^4.0.11:
  version "4.0.11"
  resolved "https://registry.yarnpkg.com/fraction.js/-/fraction.js-4.0.11.tgz#f82474349f7a198b6ad8d713d65621302a0e6f58"
  integrity sha512-wyQd1A06dTom7vTkf8OsnqXNi5XjleeaDFrvQX3SDIyMsVN1eb8KSGH3fsckF5FMlSWBrMfDCcJWVf99rXbf/g==
